
Microsoft Visual Studio Solution File, Format Version 12.00
Project("{FAE04EC0-301F-11D3-BF4B-00C04F79EFBC}") = "InfluxDbWorker", "influxdb\src\InfluxDbWorker\InfluxDbWorker.csproj", "{6BC0BB46-AB83-41D8-AEB6-75CD45A67B9E}"
EndProject
Project("{FAE04EC0-301F-11D3-BF4B-00C04F79EFBC}") = "Meterdata", "shared\Meterdata\Meterdata.csproj", "{B95862F6-CEF1-473F-AA2A-1B8ACE6EE009}"
EndProject
Project("{FAE04EC0-301F-11D3-BF4B-00C04F79EFBC}") = "TimescaleDbWorker", "timescaledb\src\TimescaleDbWorker\TimescaleDbWorker.csproj", "{F41E4E15-D8DF-444B-AB63-7AE17CE9868F}"
EndProject
Project("{FAE04EC0-301F-11D3-BF4B-00C04F79EFBC}") = "TimeseriesWorker", "shared\TimeseriesWorker\TimeseriesWorker.csproj", "{26BDBA76-496B-42E1-B488-393F9FEE9904}"
EndProject
Project("{FAE04EC0-301F-11D3-BF4B-00C04F79EFBC}") = "ResultParser", "shared\ResultParser\ResultParser.csproj", "{D5C98F40-A0C4-4B10-9E40-E42EC424CE16}"
EndProject
Project("{FAE04EC0-301F-11D3-BF4B-00C04F79EFBC}") = "CassandraWorker", "cassandra\CassandraWorker\CassandraWorker.csproj", "{500C979A-EAFF-4E57-AB1D-9FA25A04A99E}"
EndProject
Global
	GlobalSection(SolutionConfigurationPlatforms) = preSolution
		Debug|Any CPU = Debug|Any CPU
		Release|Any CPU = Release|Any CPU
	EndGlobalSection
	GlobalSection(ProjectConfigurationPlatforms) = postSolution
		{6BC0BB46-AB83-41D8-AEB6-75CD45A67B9E}.Debug|Any CPU.ActiveCfg = Debug|Any CPU
		{6BC0BB46-AB83-41D8-AEB6-75CD45A67B9E}.Debug|Any CPU.Build.0 = Debug|Any CPU
		{6BC0BB46-AB83-41D8-AEB6-75CD45A67B9E}.Release|Any CPU.ActiveCfg = Release|Any CPU
		{6BC0BB46-AB83-41D8-AEB6-75CD45A67B9E}.Release|Any CPU.Build.0 = Release|Any CPU
		{B95862F6-CEF1-473F-AA2A-1B8ACE6EE009}.Debug|Any CPU.ActiveCfg = Debug|Any CPU
		{B95862F6-CEF1-473F-AA2A-1B8ACE6EE009}.Debug|Any CPU.Build.0 = Debug|Any CPU
		{B95862F6-CEF1-473F-AA2A-1B8ACE6EE009}.Release|Any CPU.ActiveCfg = Release|Any CPU
		{B95862F6-CEF1-473F-AA2A-1B8ACE6EE009}.Release|Any CPU.Build.0 = Release|Any CPU
		{F41E4E15-D8DF-444B-AB63-7AE17CE9868F}.Debug|Any CPU.ActiveCfg = Debug|Any CPU
		{F41E4E15-D8DF-444B-AB63-7AE17CE9868F}.Debug|Any CPU.Build.0 = Debug|Any CPU
		{F41E4E15-D8DF-444B-AB63-7AE17CE9868F}.Release|Any CPU.ActiveCfg = Release|Any CPU
		{F41E4E15-D8DF-444B-AB63-7AE17CE9868F}.Release|Any CPU.Build.0 = Release|Any CPU
		{26BDBA76-496B-42E1-B488-393F9FEE9904}.Debug|Any CPU.ActiveCfg = Debug|Any CPU
		{26BDBA76-496B-42E1-B488-393F9FEE9904}.Debug|Any CPU.Build.0 = Debug|Any CPU
		{26BDBA76-496B-42E1-B488-393F9FEE9904}.Release|Any CPU.ActiveCfg = Release|Any CPU
		{26BDBA76-496B-42E1-B488-393F9FEE9904}.Release|Any CPU.Build.0 = Release|Any CPU
		{D5C98F40-A0C4-4B10-9E40-E42EC424CE16}.Debug|Any CPU.ActiveCfg = Debug|Any CPU
		{D5C98F40-A0C4-4B10-9E40-E42EC424CE16}.Debug|Any CPU.Build.0 = Debug|Any CPU
		{D5C98F40-A0C4-4B10-9E40-E42EC424CE16}.Release|Any CPU.ActiveCfg = Release|Any CPU
		{D5C98F40-A0C4-4B10-9E40-E42EC424CE16}.Release|Any CPU.Build.0 = Release|Any CPU
		{500C979A-EAFF-4E57-AB1D-9FA25A04A99E}.Debug|Any CPU.ActiveCfg = Debug|Any CPU
		{500C979A-EAFF-4E57-AB1D-9FA25A04A99E}.Debug|Any CPU.Build.0 = Debug|Any CPU
		{500C979A-EAFF-4E57-AB1D-9FA25A04A99E}.Release|Any CPU.ActiveCfg = Release|Any CPU
		{500C979A-EAFF-4E57-AB1D-9FA25A04A99E}.Release|Any CPU.Build.0 = Release|Any CPU
	EndGlobalSection
EndGlobal
